
Microsoft Visual Studio Solution File, Format Version 12.00
# Visual Studio 14
VisualStudioVersion = 14.0.23107.0
MinimumVisualStudioVersion = 10.0.40219.1
Project("{FAE04EC0-301F-11D3-BF4B-00C04F79EFBC}") = "Vulcan", "Vulcan\Vulcan.csproj", "{1DD3E24C-F510-4C7C-88A7-820C96DD4775}"
EndProject
Global
	GlobalSection(SolutionConfigurationPlatforms) = preSolution
		Debug|Any CPU = Debug|Any CPU
		Release|Any CPU = Release|Any CPU
	EndGlobalSection
	GlobalSection(ProjectConfigurationPlatforms) = postSolution
		{1DD3E24C-F510-4C7C-88A7-820C96DD4775}.Debug|Any CPU.ActiveCfg = Debug|Any CPU
		{1DD3E24C-F510-4C7C-88A7-820C96DD4775}.Debug|Any CPU.Build.0 = Debug|Any CPU
		{1DD3E24C-F510-4C7C-88A7-820C96DD4775}.Release|Any CPU.ActiveCfg = Release|Any CPU
		{1DD3E24C-F510-4C7C-88A7-820C96DD4775}.Release|Any CPU.Build.0 = Release|Any CPU
	EndGlobalSection
	GlobalSection(SolutionProperties) = preSolution
		HideSolutionNode = FALSE
	EndGlobalSection
EndGlobal
